lockfileVersion: 5.4

specifiers:
  boxen: 5.1.2
  chalk: 4.1.2
  cli-spinners: ^2.9.0
  log-update: ^4.0.0
  node-fetch: ^3.3.1
  yargs-parser: ^21.1.1

dependencies:
  boxen: registry.npmmirror.com/boxen/5.1.2
  chalk: registry.npmmirror.com/chalk/4.1.2
  cli-spinners: 2.9.0
  log-update: registry.npmmirror.com/log-update/4.0.0
  node-fetch: registry.npmmirror.com/node-fetch/3.3.1
  yargs-parser: registry.npmmirror.com/yargs-parser/21.1.1

packages:

  /ansi-regex/5.0.1:
    resolution: {integrity: sha512-quJQXlTSUGL2LH9SUXo8VwsY4soanhgo6LNSm84E1LBcE8s3O0wpdiRzyR9z/ZZJMlMWv37qOOb9pdJlMUEKFQ==}
    engines: {node: '>=8'}
    dev: false

  /cli-spinners/2.9.0:
    resolution: {integrity: sha512-4/aL9X3Wh0yiMQlE+eeRhWP6vclO3QRtw1JHKIT0FFUs5FjpFmESqtMvYZ0+lbzBw900b95mS0hohy+qn2VK/g==}
    engines: {node: '>=6'}
    dev: false

  /emoji-regex/8.0.0:
    resolution: {integrity: sha512-MSjYzcWNOA0ewAHpz0MxpYFvwg6yjy1NG3xteoqz644VCo/RPgnr1/GGt+ic3iJTzQ8Eu3TdM14SawnVUmGE6A==}
    dev: false

  /is-fullwidth-code-point/3.0.0:
    resolution: {integrity: sha512-zymm5+u+sCsSWyD9qNaejV3DFvhCKclKdizYaJUuHA83RLjb7nSuGnddCHGv0hk+KY7BMAlsWeK4Ueg6EV6XQg==}
    engines: {node: '>=8'}
    dev: false

  /slice-ansi/4.0.0:
    resolution: {integrity: sha512-qMCMfhY040cVHT43K9BFygqYbUPFZKHOg7K73mtTWJRb8pyP3fzf4Ixd5SzdEJQ6MRUg/WBnOLxghZtKKurENQ==}
    engines: {node: '>=10'}
    dependencies:
      ansi-styles: registry.npmmirror.com/ansi-styles/4.3.0
      astral-regex: registry.npmmirror.com/astral-regex/2.0.0
      is-fullwidth-code-point: 3.0.0
    dev: false

  /string-width/4.2.3:
    resolution: {integrity: sha512-wKyQRQpjJ0sIp62ErSZdGsjMJWsap5oRNihHhu6G7JVO/9jIB6UyevL+tXuOqrng8j/cxKTWyWUwvSTriiZz/g==}
    engines: {node: '>=8'}
    dependencies:
      emoji-regex: 8.0.0
      is-fullwidth-code-point: 3.0.0
      strip-ansi: registry.npmmirror.com/strip-ansi/6.0.1
    dev: false

  /type-fest/0.20.2:
    resolution: {integrity: sha512-Ne+eE4r0/iWnpAxD852z3A+N0Bt5RN//NjJwRd2VFHEmrywxf5vsZlh4R6lixl6B+wz/8d+maTSAkN1FIkI3LQ==}
    engines: {node: '>=10'}
    dev: false

  /type-fest/0.21.3:
    resolution: {integrity: sha512-t0rzBq87m3fVcduHDUFhKmyyX+9eo6WQjZvf51Ea/M0Q7+T374Jp1aUiyUl0GKxp8M/OETVHSDvmkyPgvX+X2w==}
    engines: {node: '>=10'}
    dev: false

  /web-streams-polyfill/3.2.1:
    resolution: {integrity: sha512-e0MO3wdXWKrLbL0DgGnUV7WHVuw9OUvL4hjgnPkIeEvESk74gAITi5G606JtZPp39cd8HA9VQzCIvA49LpPN5Q==}
    engines: {node: '>= 8'}
    dev: false

  /widest-line/3.1.0:
    resolution: {integrity: sha512-NsmoXalsWVDMGupxZ5R08ka9flZjjiLvHVAWYOKtiKM8ujtZWr9cRffak+uSE48+Ob8ObalXpwyeUiyDD6QFgg==}
    engines: {node: '>=8'}
    dependencies:
      string-width: 4.2.3
    dev: false

  registry.npmmirror.com/ansi-align/3.0.1:
    resolution: {integrity: sha512-IOfwwBF5iczOjp/WeY4YxyjqAFMQoZufdQWDd19SEExbVLNXqvpzSJ/M7Za4/sCPmQ0+GRquoA7bGcINcxew6w==, registry: https://packages.aliyun.com/628f1d4ca61bf880d4ca674a/npm/npm-registry/, tarball: https://registry.npmmirror.com/ansi-align/-/ansi-align-3.0.1.tgz}
    name: ansi-align
    version: 3.0.1
    dependencies:
      string-width: 4.2.3
    dev: false

  registry.npmmirror.com/ansi-escapes/4.3.2:
    resolution: {integrity: sha512-gKXj5ALrKWQLsYG9jlTRmR/xKluxHV+Z9QEwNIgCfM1/uwPMCuzVVnh5mwTd+OuBZcwSIMbqssNWRm1lE51QaQ==, registry: https://packages.aliyun.com/628f1d4ca61bf880d4ca674a/npm/npm-registry/, tarball: https://registry.npmmirror.com/ansi-escapes/-/ansi-escapes-4.3.2.tgz}
    name: ansi-escapes
    version: 4.3.2
    engines: {node: '>=8'}
    dependencies:
      type-fest: 0.21.3
    dev: false

  registry.npmmirror.com/ansi-styles/4.3.0:
    resolution: {integrity: sha512-zbB9rCJAT1rbjiVDb2hqKFHNYLxgtk8NURxZ3IZwD3F6NtxbXZQCnnSi1Lkx+IDohdPlFp222wVALIheZJQSEg==, registry: https://packages.aliyun.com/628f1d4ca61bf880d4ca674a/npm/npm-registry/, tarball: https://registry.npmmirror.com/ansi-styles/-/ansi-styles-4.3.0.tgz}
    name: ansi-styles
    version: 4.3.0
    engines: {node: '>=8'}
    dependencies:
      color-convert: registry.npmmirror.com/color-convert/2.0.1
    dev: false

  registry.npmmirror.com/astral-regex/2.0.0:
    resolution: {integrity: sha512-Z7tMw1ytTXt5jqMcOP+OQteU1VuNK9Y02uuJtKQ1Sv69jXQKKg5cibLwGJow8yzZP+eAc18EmLGPal0bp36rvQ==, registry: https://packages.aliyun.com/628f1d4ca61bf880d4ca674a/npm/npm-registry/, tarball: https://registry.npmmirror.com/astral-regex/-/astral-regex-2.0.0.tgz}
    name: astral-regex
    version: 2.0.0
    engines: {node: '>=8'}
    dev: false

  registry.npmmirror.com/boxen/5.1.2:
    resolution: {integrity: sha512-9gYgQKXx+1nP8mP7CzFyaUARhg7D3n1dF/FnErWmu9l6JvGpNUN278h0aSb+QjoiKSWG+iZ3uHrcqk0qrY9RQQ==, registry: https://packages.aliyun.com/628f1d4ca61bf880d4ca674a/npm/npm-registry/, tarball: https://registry.npmmirror.com/boxen/-/boxen-5.1.2.tgz}
    name: boxen
    version: 5.1.2
    engines: {node: '>=10'}
    dependencies:
      ansi-align: registry.npmmirror.com/ansi-align/3.0.1
      camelcase: registry.npmmirror.com/camelcase/6.3.0
      chalk: registry.npmmirror.com/chalk/4.1.2
      cli-boxes: registry.npmmirror.com/cli-boxes/2.2.1
      string-width: 4.2.3
      type-fest: 0.20.2
      widest-line: 3.1.0
      wrap-ansi: registry.npmmirror.com/wrap-ansi/7.0.0
    dev: false

  registry.npmmirror.com/camelcase/6.3.0:
    resolution: {integrity: sha512-Gmy6FhYlCY7uOElZUSbxo2UCDH8owEk996gkbrpsgGtrJLM3J7jGxl9Ic7Qwwj4ivOE5AWZWRMecDdF7hqGjFA==, registry: https://packages.aliyun.com/628f1d4ca61bf880d4ca674a/npm/npm-registry/, tarball: https://registry.npmmirror.com/camelcase/-/camelcase-6.3.0.tgz}
    name: camelcase
    version: 6.3.0
    engines: {node: '>=10'}
    dev: false

  registry.npmmirror.com/chalk/4.1.2:
    resolution: {integrity: sha512-oKnbhFyRIXpUuez8iBMmyEa4nbj4IOQyuhc/wy9kY7/WVPcwIO9VA668Pu8RkO7+0G76SLROeyw9CpQ061i4mA==, registry: https://packages.aliyun.com/628f1d4ca61bf880d4ca674a/npm/npm-registry/, tarball: https://registry.npmmirror.com/chalk/-/chalk-4.1.2.tgz}
    name: chalk
    version: 4.1.2
    engines: {node: '>=10'}
    dependencies:
      ansi-styles: registry.npmmirror.com/ansi-styles/4.3.0
      supports-color: registry.npmmirror.com/supports-color/7.2.0
    dev: false

  registry.npmmirror.com/cli-boxes/2.2.1:
    resolution: {integrity: sha512-y4coMcylgSCdVinjiDBuR8PCC2bLjyGTwEmPb9NHR/QaNU6EUOXcTY/s6VjGMD6ENSEaeQYHCY0GNGS5jfMwPw==, registry: https://packages.aliyun.com/628f1d4ca61bf880d4ca674a/npm/npm-registry/, tarball: https://registry.npmmirror.com/cli-boxes/-/cli-boxes-2.2.1.tgz}
    name: cli-boxes
    version: 2.2.1
    engines: {node: '>=6'}
    dev: false

  registry.npmmirror.com/cli-cursor/3.1.0:
    resolution: {integrity: sha512-I/zHAwsKf9FqGoXM4WWRACob9+SNukZTd94DWF57E4toouRulbCxcUh6RKUEOQlYTHJnzkPMySvPNaaSLNfLZw==, registry: https://packages.aliyun.com/628f1d4ca61bf880d4ca674a/npm/npm-registry/, tarball: https://registry.npmmirror.com/cli-cursor/-/cli-cursor-3.1.0.tgz}
    name: cli-cursor
    version: 3.1.0
    engines: {node: '>=8'}
    dependencies:
      restore-cursor: registry.npmmirror.com/restore-cursor/3.1.0
    dev: false

  registry.npmmirror.com/color-convert/2.0.1:
    resolution: {integrity: sha512-RRECPsj7iu/xb5oKYcsFHSppFNnsj/52OVTRKb4zP5onXwVF3zVmmToNcOfGC+CRDpfK/U584fMg38ZHCaElKQ==, registry: https://packages.aliyun.com/628f1d4ca61bf880d4ca674a/npm/npm-registry/, tarball: https://registry.npmmirror.com/color-convert/-/color-convert-2.0.1.tgz}
    name: color-convert
    version: 2.0.1
    engines: {node: '>=7.0.0'}
    dependencies:
      color-name: registry.npmmirror.com/color-name/1.1.4
    dev: false

  registry.npmmirror.com/color-name/1.1.4:
    resolution: {integrity: sha512-dOy+3AuW3a2wNbZHIuMZpTcgjGuLU/uBL/ubcZF9OXbDo8ff4O8yVp5Bf0efS8uEoYo5q4Fx7dY9OgQGXgAsQA==, registry: https://packages.aliyun.com/628f1d4ca61bf880d4ca674a/npm/npm-registry/, tarball: https://registry.npmmirror.com/color-name/-/color-name-1.1.4.tgz}
    name: color-name
    version: 1.1.4
    dev: false

  registry.npmmirror.com/data-uri-to-buffer/4.0.1:
    resolution: {integrity: sha512-0R9ikRb668HB7QDxT1vkpuUBtqc53YyAwMwGeUFKRojY/NWKvdZ+9UYtRfGmhqNbRkTSVpMbmyhXipFFv2cb/A==, registry: https://packages.aliyun.com/628f1d4ca61bf880d4ca674a/npm/npm-registry/, tarball: https://registry.npmmirror.com/data-uri-to-buffer/-/data-uri-to-buffer-4.0.1.tgz}
    name: data-uri-to-buffer
    version: 4.0.1
    engines: {node: '>= 12'}
    dev: false

  registry.npmmirror.com/fetch-blob/3.2.0:
    resolution: {integrity: sha512-7yAQpD2UMJzLi1Dqv7qFYnPbaPx7ZfFK6PiIxQ4PfkGPyNyl2Ugx+a/umUonmKqjhM4DnfbMvdX6otXq83soQQ==, registry: https://packages.aliyun.com/628f1d4ca61bf880d4ca674a/npm/npm-registry/, tarball: https://registry.npmmirror.com/fetch-blob/-/fetch-blob-3.2.0.tgz}
    name: fetch-blob
    version: 3.2.0
    engines: {node: ^12.20 || >= 14.13}
    dependencies:
      node-domexception: registry.npmmirror.com/node-domexception/1.0.0
      web-streams-polyfill: 3.2.1
    dev: false

  registry.npmmirror.com/formdata-polyfill/4.0.10:
    resolution: {integrity: sha512-buewHzMvYL29jdeQTVILecSaZKnt/RJWjoZCF5OW60Z67/GmSLBkOFM7qh1PI3zFNtJbaZL5eQu1vLfazOwj4g==, registry: https://packages.aliyun.com/628f1d4ca61bf880d4ca674a/npm/npm-registry/, tarball: https://registry.npmmirror.com/formdata-polyfill/-/formdata-polyfill-4.0.10.tgz}
    name: formdata-polyfill
    version: 4.0.10
    engines: {node: '>=12.20.0'}
    dependencies:
      fetch-blob: registry.npmmirror.com/fetch-blob/3.2.0
    dev: false

  registry.npmmirror.com/has-flag/4.0.0:
    resolution: {integrity: sha512-EykJT/Q1KjTWctppgIAgfSO0tKVuZUjhgMr17kqTumMl6Afv3EISleU7qZUzoXDFTAHTDC4NOoG/ZxU3EvlMPQ==, registry: https://packages.aliyun.com/628f1d4ca61bf880d4ca674a/npm/npm-registry/, tarball: https://registry.npmmirror.com/has-flag/-/has-flag-4.0.0.tgz}
    name: has-flag
    version: 4.0.0
    engines: {node: '>=8'}
    dev: false

  registry.npmmirror.com/log-update/4.0.0:
    resolution: {integrity: sha512-9fkkDevMefjg0mmzWFBW8YkFP91OrizzkW3diF7CpG+S2EYdy4+TVfGwz1zeF8x7hCx1ovSPTOE9Ngib74qqUg==, registry: https://packages.aliyun.com/628f1d4ca61bf880d4ca674a/npm/npm-registry/, tarball: https://registry.npmmirror.com/log-update/-/log-update-4.0.0.tgz}
    name: log-update
    version: 4.0.0
    engines: {node: '>=10'}
    dependencies:
      ansi-escapes: registry.npmmirror.com/ansi-escapes/4.3.2
      cli-cursor: registry.npmmirror.com/cli-cursor/3.1.0
      slice-ansi: 4.0.0
      wrap-ansi: registry.npmmirror.com/wrap-ansi/6.2.0
    dev: false

  registry.npmmirror.com/mimic-fn/2.1.0:
    resolution: {integrity: sha512-OqbOk5oEQeAZ8WXWydlu9HJjz9WVdEIvamMCcXmuqUYjTknH/sqsWvhQ3vgwKFRR1HpjvNBKQ37nbJgYzGqGcg==, registry: https://packages.aliyun.com/628f1d4ca61bf880d4ca674a/npm/npm-registry/, tarball: https://registry.npmmirror.com/mimic-fn/-/mimic-fn-2.1.0.tgz}
    name: mimic-fn
    version: 2.1.0
    engines: {node: '>=6'}
    dev: false

  registry.npmmirror.com/node-domexception/1.0.0:
    resolution: {integrity: sha512-/jKZoMpw0F8GRwl4/eLROPA3cfcXtLApP0QzLmUT/HuPCZWyB7IY9ZrMeKw2O/nFIqPQB3PVM9aYm0F312AXDQ==, registry: https://packages.aliyun.com/628f1d4ca61bf880d4ca674a/npm/npm-registry/, tarball: https://registry.npmmirror.com/node-domexception/-/node-domexception-1.0.0.tgz}
    name: node-domexception
    version: 1.0.0
    engines: {node: '>=10.5.0'}
    dev: false

  registry.npmmirror.com/node-fetch/3.3.1:
    resolution: {integrity: sha512-cRVc/kyto/7E5shrWca1Wsea4y6tL9iYJE5FBCius3JQfb/4P4I295PfhgbJQBLTx6lATE4z+wK0rPM4VS2uow==, registry: https://packages.aliyun.com/628f1d4ca61bf880d4ca674a/npm/npm-registry/, tarball: https://registry.npmmirror.com/node-fetch/-/node-fetch-3.3.1.tgz}
    name: node-fetch
    version: 3.3.1
    engines: {node: ^12.20.0 || ^14.13.1 || >=16.0.0}
    dependencies:
      data-uri-to-buffer: registry.npmmirror.com/data-uri-to-buffer/4.0.1
      fetch-blob: registry.npmmirror.com/fetch-blob/3.2.0
      formdata-polyfill: registry.npmmirror.com/formdata-polyfill/4.0.10
    dev: false

  registry.npmmirror.com/onetime/5.1.2:
    resolution: {integrity: sha512-kbpaSSGJTWdAY5KPVeMOKXSrPtr8C8C7wodJbcsd51jRnmD+GZu8Y0VoU6Dm5Z4vWr0Ig/1NKuWRKf7j5aaYSg==, registry: https://packages.aliyun.com/628f1d4ca61bf880d4ca674a/npm/npm-registry/, tarball: https://registry.npmmirror.com/onetime/-/onetime-5.1.2.tgz}
    name: onetime
    version: 5.1.2
    engines: {node: '>=6'}
    dependencies:
      mimic-fn: registry.npmmirror.com/mimic-fn/2.1.0
    dev: false

  registry.npmmirror.com/restore-cursor/3.1.0:
    resolution: {integrity: sha512-l+sSefzHpj5qimhFSE5a8nufZYAM3sBSVMAPtYkmC+4EH2anSGaEMXSD0izRQbu9nfyQ9y5JrVmp7E8oZrUjvA==, registry: https://packages.aliyun.com/628f1d4ca61bf880d4ca674a/npm/npm-registry/, tarball: https://registry.npmmirror.com/restore-cursor/-/restore-cursor-3.1.0.tgz}
    name: restore-cursor
    version: 3.1.0
    engines: {node: '>=8'}
    dependencies:
      onetime: registry.npmmirror.com/onetime/5.1.2
      signal-exit: registry.npmmirror.com/signal-exit/3.0.7
    dev: false

  registry.npmmirror.com/signal-exit/3.0.7:
    resolution: {integrity: sha512-wnD2ZE+l+SPC/uoS0vXeE9L1+0wuaMqKlfz9AMUo38JsyLSBWSFcHR1Rri62LZc12vLr1gb3jl7iwQhgwpAbGQ==, registry: https://packages.aliyun.com/628f1d4ca61bf880d4ca674a/npm/npm-registry/, tarball: https://registry.npmmirror.com/signal-exit/-/signal-exit-3.0.7.tgz}
    name: signal-exit
    version: 3.0.7
    dev: false

  registry.npmmirror.com/strip-ansi/6.0.1:
    resolution: {integrity: sha512-Y38VPSHcqkFrCpFnQ9vuSXmquuv5oXOKpGeT6aGrr3o3Gc9AlVa6JBfUSOCnbxGGZF+/0ooI7KrPuUSztUdU5A==, registry: https://packages.aliyun.com/628f1d4ca61bf880d4ca674a/npm/npm-registry/, tarball: https://registry.npmmirror.com/strip-ansi/-/strip-ansi-6.0.1.tgz}
    name: strip-ansi
    version: 6.0.1
    engines: {node: '>=8'}
    dependencies:
      ansi-regex: 5.0.1
    dev: false

  registry.npmmirror.com/supports-color/7.2.0:
    resolution: {integrity: sha512-qpCAvRl9stuOHveKsn7HncJRvv501qIacKzQlO/+Lwxc9+0q2wLyv4Dfvt80/DPn2pqOBsJdDiogXGR9+OvwRw==, registry: https://packages.aliyun.com/628f1d4ca61bf880d4ca674a/npm/npm-registry/, tarball: https://registry.npmmirror.com/supports-color/-/supports-color-7.2.0.tgz}
    name: supports-color
    version: 7.2.0
    engines: {node: '>=8'}
    dependencies:
      has-flag: registry.npmmirror.com/has-flag/4.0.0
    dev: false

  registry.npmmirror.com/wrap-ansi/6.2.0:
    resolution: {integrity: sha512-r6lPcBGxZXlIcymEu7InxDMhdW0KDxpLgoFLcguasxCaJ/SOIZwINatK9KY/tf+ZrlywOKU0UDj3ATXUBfxJXA==, registry: https://packages.aliyun.com/628f1d4ca61bf880d4ca674a/npm/npm-registry/, tarball: https://registry.npmmirror.com/wrap-ansi/-/wrap-ansi-6.2.0.tgz}
    name: wrap-ansi
    version: 6.2.0
    engines: {node: '>=8'}
    dependencies:
      ansi-styles: registry.npmmirror.com/ansi-styles/4.3.0
      string-width: 4.2.3
      strip-ansi: registry.npmmirror.com/strip-ansi/6.0.1
    dev: false

  registry.npmmirror.com/wrap-ansi/7.0.0:
    resolution: {integrity: sha512-YVGIj2kamLSTxw6NsZjoBxfSwsn0ycdesmc4p+Q21c5zPuZ1pl+NfxVdxPtdHvmNVOQ6XSYG4AUtyt/Fi7D16Q==, registry: https://packages.aliyun.com/628f1d4ca61bf880d4ca674a/npm/npm-registry/, tarball: https://registry.npmmirror.com/wrap-ansi/-/wrap-ansi-7.0.0.tgz}
    name: wrap-ansi
    version: 7.0.0
    engines: {node: '>=10'}
    dependencies:
      ansi-styles: registry.npmmirror.com/ansi-styles/4.3.0
      string-width: 4.2.3
      strip-ansi: registry.npmmirror.com/strip-ansi/6.0.1
    dev: false

  registry.npmmirror.com/yargs-parser/21.1.1:
    resolution: {integrity: sha512-tVpsJW7DdjecAiFpbIB1e3qxIQsE6NoPc5/eTdrbbIC4h0LVsWhnoa3g+m2HclBIujHzsxZ4VJVA+GUuc2/LBw==, registry: https://packages.aliyun.com/628f1d4ca61bf880d4ca674a/npm/npm-registry/, tarball: https://registry.npmmirror.com/yargs-parser/-/yargs-parser-21.1.1.tgz}
    name: yargs-parser
    version: 21.1.1
    engines: {node: '>=12'}
    dev: false
